
Microsoft Visual Studio Solution File, Format Version 12.00
# Visual Studio 2015
Project("{FAE04EC0-301F-11D3-BF4B-00C04F79EFBC}") = "Erode", "Erode.csproj", "{D3E66844-3FDC-2B7C-A9D3-B299A7283BA7}"
EndProject
Project("{FAE04EC0-301F-11D3-BF4B-00C04F79EFBC}") = "Erode.Editor", "Erode.Editor.csproj", "{FF191170-F310-09A7-0909-B3FF3631C0A5}"
EndProject
Global
	GlobalSection(SolutionConfigurationPlatforms) = preSolution
		Debug|Any CPU = Debug|Any CPU
		Release|Any CPU = Release|Any CPU
	EndGlobalSection
	GlobalSection(ProjectConfigurationPlatforms) = postSolution
		{D3E66844-3FDC-2B7C-A9D3-B299A7283BA7}.Debug|Any CPU.ActiveCfg = Debug|Any CPU
		{D3E66844-3FDC-2B7C-A9D3-B299A7283BA7}.Debug|Any CPU.Build.0 = Debug|Any CPU
		{D3E66844-3FDC-2B7C-A9D3-B299A7283BA7}.Release|Any CPU.ActiveCfg = Release|Any CPU
		{D3E66844-3FDC-2B7C-A9D3-B299A7283BA7}.Release|Any CPU.Build.0 = Release|Any CPU
		{FF191170-F310-09A7-0909-B3FF3631C0A5}.Debug|Any CPU.ActiveCfg = Debug|Any CPU
		{FF191170-F310-09A7-0909-B3FF3631C0A5}.Debug|Any CPU.Build.0 = Debug|Any CPU
		{FF191170-F310-09A7-0909-B3FF3631C0A5}.Release|Any CPU.ActiveCfg = Release|Any CPU
		{FF191170-F310-09A7-0909-B3FF3631C0A5}.Release|Any CPU.Build.0 = Release|Any CPU
	EndGlobalSection
	GlobalSection(SolutionProperties) = preSolution
		HideSolutionNode = FALSE
	EndGlobalSection
EndGlobal
